
Microsoft Visual Studio Solution File, Format Version 12.00
# Visual Studio Version 16
VisualStudioVersion = 16.0.33927.289
MinimumVisualStudioVersion = 10.0.40219.1
Project("{2150E333-8FDC-42A3-9474-1A3956D46DE8}") = "Task0", "Task0", "{EFAAA29C-FFA1-4DCE-8FE7-3EEA7243E489}"
EndProject
Project("{FAE04EC0-301F-11D3-BF4B-00C04F79EFBC}") = "Tyuiu.PoleschukKR.Sprint2.Task0.V22", "Tyuiu.PoleschukKR.Sprint2.Task0.V22\Tyuiu.PoleschukKR.Sprint2.Task0.V22.csproj", "{BD4FEE46-4183-4001-B1FB-E723C3CD240A}"
EndProject
Project("{FAE04EC0-301F-11D3-BF4B-00C04F79EFBC}") = "Tyuiu.PoleschukKR.Sprint2.Task0.V22.Lib", "Tyuiu.PoleschukKR.Sprint2.Task0.V22.Lib\Tyuiu.PoleschukKR.Sprint2.Task0.V22.Lib.csproj", "{06CE08DA-82A6-41C7-8C81-F8E1084D7620}"
EndProject
Project("{FAE04EC0-301F-11D3-BF4B-00C04F79EFBC}") = "Tyuiu.PoleschukKR.Sprint2.Task0.V22.Test", "Tyuiu.PoleschukKR.Sprint2.Task0.V22.Test\Tyuiu.PoleschukKR.Sprint2.Task0.V22.Test.csproj", "{79D681D6-2F7D-437C-AE72-FB9A1BA8FBF1}"
EndProject
Project("{2150E333-8FDC-42A3-9474-1A3956D46DE8}") = "Task1", "Task1", "{5C8EDB64-BD38-4236-8DBB-9148B1990D47}"
EndProject
Project("{FAE04EC0-301F-11D3-BF4B-00C04F79EFBC}") = "Tyuiu.PoleschukKR.Sprint2.Task1.V23", "Tyuiu.PoleschukKR.Sprint2.Task1.V23\Tyuiu.PoleschukKR.Sprint2.Task1.V23.csproj", "{84E1D1E9-D0F1-4401-80BA-E81B9A744A64}"
EndProject
Project("{FAE04EC0-301F-11D3-BF4B-00C04F79EFBC}") = "Tyuiu.PoleschukKR.Sprint2.Task1.V23.Lib", "Tyuiu.PoleschukKR.Sprint2.Task1.V23.Lib\Tyuiu.PoleschukKR.Sprint2.Task1.V23.Lib.csproj", "{83EE3F03-721C-488C-BD6A-8366C872DDC2}"
EndProject
Project("{FAE04EC0-301F-11D3-BF4B-00C04F79EFBC}") = "Tyuiu.PoleschukKR.Sprint2.Task1.V23.Test", "Tyuiu.PoleschukKR.Sprint2.Task1.V23.Test\Tyuiu.PoleschukKR.Sprint2.Task1.V23.Test.csproj", "{55CECEC2-F287-4DD5-B356-FD681DEEC3F7}"
EndProject
Project("{2150E333-8FDC-42A3-9474-1A3956D46DE8}") = "Task2", "Task2", "{543B7305-3E23-431A-9A15-904F6940DAF4}"
EndProject
Project("{FAE04EC0-301F-11D3-BF4B-00C04F79EFBC}") = "Tyuiu.PoleschukKR.Sprint2.Task2.V3", "Tyuiu.PoleschukKR.Sprint2.Task2.V3\Tyuiu.PoleschukKR.Sprint2.Task2.V3.csproj", "{749BA854-FAE1-4298-9FE9-40D98714A4DB}"
EndProject
Project("{FAE04EC0-301F-11D3-BF4B-00C04F79EFBC}") = "Tyuiu.PoleschukKR.Sprint2.Task2.V3.Lib", "Tyuiu.PoleschukKR.Sprint2.Task2.V3.Lib\Tyuiu.PoleschukKR.Sprint2.Task2.V3.Lib.csproj", "{056D7BBE-382C-4DA6-9032-B1B21547B8BB}"
EndProject
Project("{FAE04EC0-301F-11D3-BF4B-00C04F79EFBC}") = "Tyuiu.PoleschukKR.Sprint2.Task2.V3.Test", "Tyuiu.PoleschukKR.Sprint2.Task2.V3.Test\Tyuiu.PoleschukKR.Sprint2.Task2.V3.Test.csproj", "{74606D8E-F3AE-4866-8FDE-3CAE6BB92C2F}"
EndProject
Project("{2150E333-8FDC-42A3-9474-1A3956D46DE8}") = "Task3", "Task3", "{E7218AF6-4AB7-42D3-8FEB-85F4FF154AA3}"
EndProject
Project("{FAE04EC0-301F-11D3-BF4B-00C04F79EFBC}") = "Tyuiu.PoleschukKR.Sprint2.Task3.V28", "Tyuiu.PoleschukKR.Sprint2.Task3.V28\Tyuiu.PoleschukKR.Sprint2.Task3.V28.csproj", "{9AFB394A-18A2-4DAA-91B3-C16DC88A33DF}"
EndProject
Project("{FAE04EC0-301F-11D3-BF4B-00C04F79EFBC}") = "Tyuiu.PoleschukKR.Sprint2.Task3.V28.Lib", "Tyuiu.PoleschukKR.Sprint2.Task3.V28.Lib\Tyuiu.PoleschukKR.Sprint2.Task3.V28.Lib.csproj", "{B10B08F3-1793-4611-8BF4-EC53536FE80C}"
EndProject
Project("{FAE04EC0-301F-11D3-BF4B-00C04F79EFBC}") = "Tyuiu.PoleschukKR.Sprint2.Task3.V28.Test", "Tyuiu.PoleschukKR.Sprint2.Task3.V28.Test\Tyuiu.PoleschukKR.Sprint2.Task3.V28.Test.csproj", "{D6E0693F-594D-4338-8CDA-9ED1456B66C8}"
EndProject
Project("{2150E333-8FDC-42A3-9474-1A3956D46DE8}") = "Task4", "Task4", "{B1F4564F-D068-4601-BC1F-668BB8765BAB}"
EndProject
Project("{FAE04EC0-301F-11D3-BF4B-00C04F79EFBC}") = "Tyuiu.PoleschukKR.Sprint2.Task4.V18", "Tyuiu.PoleschukKR.Sprint2.Task4.V18\Tyuiu.PoleschukKR.Sprint2.Task4.V18.csproj", "{B5392982-D8A2-4A5B-A5EA-7B8C98531EE4}"
EndProject
Project("{FAE04EC0-301F-11D3-BF4B-00C04F79EFBC}") = "Tyuiu.PoleschukKR.Sprint2.Task4.V18.Lib", "Tyuiu.PoleschukKR.Sprint2.Task4.V18.Lib\Tyuiu.PoleschukKR.Sprint2.Task4.V18.Lib.csproj", "{1B7E99F2-87D6-4EE4-B81E-81182915BE6A}"
EndProject
Project("{FAE04EC0-301F-11D3-BF4B-00C04F79EFBC}") = "Tyuiu.PoleschukKR.Sprint2.Task4.V18.Test", "Tyuiu.PoleschukKR.Sprint2.Task4.V18.Test\Tyuiu.PoleschukKR.Sprint2.Task4.V18.Test.csproj", "{E32FE6EF-A40A-4167-9204-69E06C7B3595}"
EndProject
Project("{2150E333-8FDC-42A3-9474-1A3956D46DE8}") = "Task5", "Task5", "{59109AC5-7651-43C2-AE7C-952BA4D03446}"
EndProject
Project("{FAE04EC0-301F-11D3-BF4B-00C04F79EFBC}") = "Tyuiu.PoleschukKR.Sprint2.Task5.V10", "Tyuiu.PoleschukKR.Sprint2.Task5.V10\Tyuiu.PoleschukKR.Sprint2.Task5.V10.csproj", "{ECBAB9C3-AAC0-4F54-861C-05C779E535D0}"
EndProject
Project("{FAE04EC0-301F-11D3-BF4B-00C04F79EFBC}") = "Tyuiu.PoleschukKR.Sprint2.Task5.V10.Lib", "Tyuiu.PoleschukKR.Sprint2.Task5.V10.Lib\Tyuiu.PoleschukKR.Sprint2.Task5.V10.Lib.csproj", "{E309E53C-2812-403C-88AC-3335A6172CCE}"
EndProject
Project("{FAE04EC0-301F-11D3-BF4B-00C04F79EFBC}") = "Tyuiu.PoleschukKR.Sprint2.Task5.V10.Test", "Tyuiu.PoleschukKR.Sprint2.Task5.V10.Test\Tyuiu.PoleschukKR.Sprint2.Task5.V10.Test.csproj", "{02A67AA2-1CF3-436B-8776-A3823C4A965C}"
EndProject
Project("{2150E333-8FDC-42A3-9474-1A3956D46DE8}") = "Task6", "Task6", "{5D0074C6-70D6-4A86-831E-F67E7D18B80D}"
EndProject
Project("{FAE04EC0-301F-11D3-BF4B-00C04F79EFBC}") = "Tyuiu.PoleschukKR.Sprint2.Task6.V14", "Tyuiu.PoleschukKR.Sprint2.Task6.V14\Tyuiu.PoleschukKR.Sprint2.Task6.V14.csproj", "{97085E99-BFC8-4872-A6D1-BC8F77948208}"
EndProject
Project("{FAE04EC0-301F-11D3-BF4B-00C04F79EFBC}") = "Tyuiu.PoleschukKR.Sprint2.Task6.V14.Lib", "Tyuiu.PoleschukKR.Sprint2.Task6.V14.Lib\Tyuiu.PoleschukKR.Sprint2.Task6.V14.Lib.csproj", "{B1161BB9-4E41-4AB9-B97D-A45CF8C004EE}"
EndProject
Project("{FAE04EC0-301F-11D3-BF4B-00C04F79EFBC}") = "Tyuiu.PoleschukKR.Sprint2.Task6.V14.Test", "Tyuiu.PoleschukKR.Sprint2.Task6.V14.Test\Tyuiu.PoleschukKR.Sprint2.Task6.V14.Test.csproj", "{E32EF97F-93D9-46F1-8A79-DF619D8A21E7}"
EndProject
Project("{2150E333-8FDC-42A3-9474-1A3956D46DE8}") = "Task7", "Task7", "{74C2730A-3C9A-4993-859F-522530622E7E}"
EndProject
Project("{FAE04EC0-301F-11D3-BF4B-00C04F79EFBC}") = "Tyuiu.PoleschukKR.Sprint2.Task7.V10", "Tyuiu.PoleschukKR.Sprint2.Task7.V10\Tyuiu.PoleschukKR.Sprint2.Task7.V10.csproj", "{7775F7B6-BAF0-45C8-841B-131CC56D0E00}"
EndProject
Project("{FAE04EC0-301F-11D3-BF4B-00C04F79EFBC}") = "Tyuiu.PoleschukKR.Sprint2.Task7.V10.Lib", "Tyuiu.PoleschukKR.Sprint2.Task7.V10.Lib\Tyuiu.PoleschukKR.Sprint2.Task7.V10.Lib.csproj", "{EA654175-04F1-49F6-B3DD-B6459BD194A8}"
EndProject
Project("{FAE04EC0-301F-11D3-BF4B-00C04F79EFBC}") = "Tyuiu.PoleschukKR.Sprint2.Task7.V10.Test", "Tyuiu.PoleschukKR.Sprint2.Task7.V10.Test\Tyuiu.PoleschukKR.Sprint2.Task7.V10.Test.csproj", "{9B1A96AF-91C7-4531-B039-CEE5E39D32A9}"
EndProject
Global
	GlobalSection(SolutionConfigurationPlatforms) = preSolution
		Debug|Any CPU = Debug|Any CPU
		Release|Any CPU = Release|Any CPU
	EndGlobalSection
	GlobalSection(ProjectConfigurationPlatforms) = postSolution
		{BD4FEE46-4183-4001-B1FB-E723C3CD240A}.Debug|Any CPU.ActiveCfg = Debug|Any CPU
		{BD4FEE46-4183-4001-B1FB-E723C3CD240A}.Debug|Any CPU.Build.0 = Debug|Any CPU
		{BD4FEE46-4183-4001-B1FB-E723C3CD240A}.Release|Any CPU.ActiveCfg = Release|Any CPU
		{BD4FEE46-4183-4001-B1FB-E723C3CD240A}.Release|Any CPU.Build.0 = Release|Any CPU
		{06CE08DA-82A6-41C7-8C81-F8E1084D7620}.Debug|Any CPU.ActiveCfg = Debug|Any CPU
		{06CE08DA-82A6-41C7-8C81-F8E1084D7620}.Debug|Any CPU.Build.0 = Debug|Any CPU
		{06CE08DA-82A6-41C7-8C81-F8E1084D7620}.Release|Any CPU.ActiveCfg = Release|Any CPU
		{06CE08DA-82A6-41C7-8C81-F8E1084D7620}.Release|Any CPU.Build.0 = Release|Any CPU
		{79D681D6-2F7D-437C-AE72-FB9A1BA8FBF1}.Debug|Any CPU.ActiveCfg = Debug|Any CPU
		{79D681D6-2F7D-437C-AE72-FB9A1BA8FBF1}.Debug|Any CPU.Build.0 = Debug|Any CPU
		{79D681D6-2F7D-437C-AE72-FB9A1BA8FBF1}.Release|Any CPU.ActiveCfg = Release|Any CPU
		{79D681D6-2F7D-437C-AE72-FB9A1BA8FBF1}.Release|Any CPU.Build.0 = Release|Any CPU
		{84E1D1E9-D0F1-4401-80BA-E81B9A744A64}.Debug|Any CPU.ActiveCfg = Debug|Any CPU
		{84E1D1E9-D0F1-4401-80BA-E81B9A744A64}.Debug|Any CPU.Build.0 = Debug|Any CPU
		{84E1D1E9-D0F1-4401-80BA-E81B9A744A64}.Release|Any CPU.ActiveCfg = Release|Any CPU
		{84E1D1E9-D0F1-4401-80BA-E81B9A744A64}.Release|Any CPU.Build.0 = Release|Any CPU
		{83EE3F03-721C-488C-BD6A-8366C872DDC2}.Debug|Any CPU.ActiveCfg = Debug|Any CPU
		{83EE3F03-721C-488C-BD6A-8366C872DDC2}.Debug|Any CPU.Build.0 = Debug|Any CPU
		{83EE3F03-721C-488C-BD6A-8366C872DDC2}.Release|Any CPU.ActiveCfg = Release|Any CPU
		{83EE3F03-721C-488C-BD6A-8366C872DDC2}.Release|Any CPU.Build.0 = Release|Any CPU
		{55CECEC2-F287-4DD5-B356-FD681DEEC3F7}.Debug|Any CPU.ActiveCfg = Debug|Any CPU
		{55CECEC2-F287-4DD5-B356-FD681DEEC3F7}.Debug|Any CPU.Build.0 = Debug|Any CPU
		{55CECEC2-F287-4DD5-B356-FD681DEEC3F7}.Release|Any CPU.ActiveCfg = Release|Any CPU
		{55CECEC2-F287-4DD5-B356-FD681DEEC3F7}.Release|Any CPU.Build.0 = Release|Any CPU
		{749BA854-FAE1-4298-9FE9-40D98714A4DB}.Debug|Any CPU.ActiveCfg = Debug|Any CPU
		{749BA854-FAE1-4298-9FE9-40D98714A4DB}.Debug|Any CPU.Build.0 = Debug|Any CPU
		{749BA854-FAE1-4298-9FE9-40D98714A4DB}.Release|Any CPU.ActiveCfg = Release|Any CPU
		{749BA854-FAE1-4298-9FE9-40D98714A4DB}.Release|Any CPU.Build.0 = Release|Any CPU
		{056D7BBE-382C-4DA6-9032-B1B21547B8BB}.Debug|Any CPU.ActiveCfg = Debug|Any CPU
		{056D7BBE-382C-4DA6-9032-B1B21547B8BB}.Debug|Any CPU.Build.0 = Debug|Any CPU
		{056D7BBE-382C-4DA6-9032-B1B21547B8BB}.Release|Any CPU.ActiveCfg = Release|Any CPU
		{056D7BBE-382C-4DA6-9032-B1B21547B8BB}.Release|Any CPU.Build.0 = Release|Any CPU
		{74606D8E-F3AE-4866-8FDE-3CAE6BB92C2F}.Debug|Any CPU.ActiveCfg = Debug|Any CPU
		{74606D8E-F3AE-4866-8FDE-3CAE6BB92C2F}.Debug|Any CPU.Build.0 = Debug|Any CPU
		{74606D8E-F3AE-4866-8FDE-3CAE6BB92C2F}.Release|Any CPU.ActiveCfg = Release|Any CPU
		{74606D8E-F3AE-4866-8FDE-3CAE6BB92C2F}.Release|Any CPU.Build.0 = Release|Any CPU
		{9AFB394A-18A2-4DAA-91B3-C16DC88A33DF}.Debug|Any CPU.ActiveCfg = Debug|Any CPU
		{9AFB394A-18A2-4DAA-91B3-C16DC88A33DF}.Debug|Any CPU.Build.0 = Debug|Any CPU
		{9AFB394A-18A2-4DAA-91B3-C16DC88A33DF}.Release|Any CPU.ActiveCfg = Release|Any CPU
		{9AFB394A-18A2-4DAA-91B3-C16DC88A33DF}.Release|Any CPU.Build.0 = Release|Any CPU
		{B10B08F3-1793-4611-8BF4-EC53536FE80C}.Debug|Any CPU.ActiveCfg = Debug|Any CPU
		{B10B08F3-1793-4611-8BF4-EC53536FE80C}.Debug|Any CPU.Build.0 = Debug|Any CPU
		{B10B08F3-1793-4611-8BF4-EC53536FE80C}.Release|Any CPU.ActiveCfg = Release|Any CPU
		{B10B08F3-1793-4611-8BF4-EC53536FE80C}.Release|Any CPU.Build.0 = Release|Any CPU
		{D6E0693F-594D-4338-8CDA-9ED1456B66C8}.Debug|Any CPU.ActiveCfg = Debug|Any CPU
		{D6E0693F-594D-4338-8CDA-9ED1456B66C8}.Debug|Any CPU.Build.0 = Debug|Any CPU
		{D6E0693F-594D-4338-8CDA-9ED1456B66C8}.Release|Any CPU.ActiveCfg = Release|Any CPU
		{D6E0693F-594D-4338-8CDA-9ED1456B66C8}.Release|Any CPU.Build.0 = Release|Any CPU
		{B5392982-D8A2-4A5B-A5EA-7B8C98531EE4}.Debug|Any CPU.ActiveCfg = Debug|Any CPU
		{B5392982-D8A2-4A5B-A5EA-7B8C98531EE4}.Debug|Any CPU.Build.0 = Debug|Any CPU
		{B5392982-D8A2-4A5B-A5EA-7B8C98531EE4}.Release|Any CPU.ActiveCfg = Release|Any CPU
		{B5392982-D8A2-4A5B-A5EA-7B8C98531EE4}.Release|Any CPU.Build.0 = Release|Any CPU
		{1B7E99F2-87D6-4EE4-B81E-81182915BE6A}.Debug|Any CPU.ActiveCfg = Debug|Any CPU
		{1B7E99F2-87D6-4EE4-B81E-81182915BE6A}.Debug|Any CPU.Build.0 = Debug|Any CPU
		{1B7E99F2-87D6-4EE4-B81E-81182915BE6A}.Release|Any CPU.ActiveCfg = Release|Any CPU
		{1B7E99F2-87D6-4EE4-B81E-81182915BE6A}.Release|Any CPU.Build.0 = Release|Any CPU
		{E32FE6EF-A40A-4167-9204-69E06C7B3595}.Debug|Any CPU.ActiveCfg = Debug|Any CPU
		{E32FE6EF-A40A-4167-9204-69E06C7B3595}.Debug|Any CPU.Build.0 = Debug|Any CPU
		{E32FE6EF-A40A-4167-9204-69E06C7B3595}.Release|Any CPU.ActiveCfg = Release|Any CPU
		{E32FE6EF-A40A-4167-9204-69E06C7B3595}.Release|Any CPU.Build.0 = Release|Any CPU
		{ECBAB9C3-AAC0-4F54-861C-05C779E535D0}.Debug|Any CPU.ActiveCfg = Debug|Any CPU
		{ECBAB9C3-AAC0-4F54-861C-05C779E535D0}.Debug|Any CPU.Build.0 = Debug|Any CPU
		{ECBAB9C3-AAC0-4F54-861C-05C779E535D0}.Release|Any CPU.ActiveCfg = Release|Any CPU
		{ECBAB9C3-AAC0-4F54-861C-05C779E535D0}.Release|Any CPU.Build.0 = Release|Any CPU
		{E309E53C-2812-403C-88AC-3335A6172CCE}.Debug|Any CPU.ActiveCfg = Debug|Any CPU
		{E309E53C-2812-403C-88AC-3335A6172CCE}.Debug|Any CPU.Build.0 = Debug|Any CPU
		{E309E53C-2812-403C-88AC-3335A6172CCE}.Release|Any CPU.ActiveCfg = Release|Any CPU
		{E309E53C-2812-403C-88AC-3335A6172CCE}.Release|Any CPU.Build.0 = Release|Any CPU
		{02A67AA2-1CF3-436B-8776-A3823C4A965C}.Debug|Any CPU.ActiveCfg = Debug|Any CPU
		{02A67AA2-1CF3-436B-8776-A3823C4A965C}.Debug|Any CPU.Build.0 = Debug|Any CPU
		{02A67AA2-1CF3-436B-8776-A3823C4A965C}.Release|Any CPU.ActiveCfg = Release|Any CPU
		{02A67AA2-1CF3-436B-8776-A3823C4A965C}.Release|Any CPU.Build.0 = Release|Any CPU
		{97085E99-BFC8-4872-A6D1-BC8F77948208}.Debug|Any CPU.ActiveCfg = Debug|Any CPU
		{97085E99-BFC8-4872-A6D1-BC8F77948208}.Debug|Any CPU.Build.0 = Debug|Any CPU
		{97085E99-BFC8-4872-A6D1-BC8F77948208}.Release|Any CPU.ActiveCfg = Release|Any CPU
		{97085E99-BFC8-4872-A6D1-BC8F77948208}.Release|Any CPU.Build.0 = Release|Any CPU
		{B1161BB9-4E41-4AB9-B97D-A45CF8C004EE}.Debug|Any CPU.ActiveCfg = Debug|Any CPU
		{B1161BB9-4E41-4AB9-B97D-A45CF8C004EE}.Debug|Any CPU.Build.0 = Debug|Any CPU
		{B1161BB9-4E41-4AB9-B97D-A45CF8C004EE}.Release|Any CPU.ActiveCfg = Release|Any CPU
		{B1161BB9-4E41-4AB9-B97D-A45CF8C004EE}.Release|Any CPU.Build.0 = Release|Any CPU
		{E32EF97F-93D9-46F1-8A79-DF619D8A21E7}.Debug|Any CPU.ActiveCfg = Debug|Any CPU
		{E32EF97F-93D9-46F1-8A79-DF619D8A21E7}.Debug|Any CPU.Build.0 = Debug|Any CPU
		{E32EF97F-93D9-46F1-8A79-DF619D8A21E7}.Release|Any CPU.ActiveCfg = Release|Any CPU
		{E32EF97F-93D9-46F1-8A79-DF619D8A21E7}.Release|Any CPU.Build.0 = Release|Any CPU
		{7775F7B6-BAF0-45C8-841B-131CC56D0E00}.Debug|Any CPU.ActiveCfg = Debug|Any CPU
		{7775F7B6-BAF0-45C8-841B-131CC56D0E00}.Debug|Any CPU.Build.0 = Debug|Any CPU
		{7775F7B6-BAF0-45C8-841B-131CC56D0E00}.Release|Any CPU.ActiveCfg = Release|Any CPU
		{7775F7B6-BAF0-45C8-841B-131CC56D0E00}.Release|Any CPU.Build.0 = Release|Any CPU
		{EA654175-04F1-49F6-B3DD-B6459BD194A8}.Debug|Any CPU.ActiveCfg = Debug|Any CPU
		{EA654175-04F1-49F6-B3DD-B6459BD194A8}.Debug|Any CPU.Build.0 = Debug|Any CPU
		{EA654175-04F1-49F6-B3DD-B6459BD194A8}.Release|Any CPU.ActiveCfg = Release|Any CPU
		{EA654175-04F1-49F6-B3DD-B6459BD194A8}.Release|Any CPU.Build.0 = Release|Any CPU
		{9B1A96AF-91C7-4531-B039-CEE5E39D32A9}.Debug|Any CPU.ActiveCfg = Debug|Any CPU
		{9B1A96AF-91C7-4531-B039-CEE5E39D32A9}.Debug|Any CPU.Build.0 = Debug|Any CPU
		{9B1A96AF-91C7-4531-B039-CEE5E39D32A9}.Release|Any CPU.ActiveCfg = Release|Any CPU
		{9B1A96AF-91C7-4531-B039-CEE5E39D32A9}.Release|Any CPU.Build.0 = Release|Any CPU
	EndGlobalSection
	GlobalSection(SolutionProperties) = preSolution
		HideSolutionNode = FALSE
	EndGlobalSection
	GlobalSection(NestedProjects) = preSolution
		{BD4FEE46-4183-4001-B1FB-E723C3CD240A} = {EFAAA29C-FFA1-4DCE-8FE7-3EEA7243E489}
		{06CE08DA-82A6-41C7-8C81-F8E1084D7620} = {EFAAA29C-FFA1-4DCE-8FE7-3EEA7243E489}
		{79D681D6-2F7D-437C-AE72-FB9A1BA8FBF1} = {EFAAA29C-FFA1-4DCE-8FE7-3EEA7243E489}
		{84E1D1E9-D0F1-4401-80BA-E81B9A744A64} = {5C8EDB64-BD38-4236-8DBB-9148B1990D47}
		{83EE3F03-721C-488C-BD6A-8366C872DDC2} = {5C8EDB64-BD38-4236-8DBB-9148B1990D47}
		{55CECEC2-F287-4DD5-B356-FD681DEEC3F7} = {5C8EDB64-BD38-4236-8DBB-9148B1990D47}
		{749BA854-FAE1-4298-9FE9-40D98714A4DB} = {543B7305-3E23-431A-9A15-904F6940DAF4}
		{056D7BBE-382C-4DA6-9032-B1B21547B8BB} = {543B7305-3E23-431A-9A15-904F6940DAF4}
		{74606D8E-F3AE-4866-8FDE-3CAE6BB92C2F} = {543B7305-3E23-431A-9A15-904F6940DAF4}
		{9AFB394A-18A2-4DAA-91B3-C16DC88A33DF} = {E7218AF6-4AB7-42D3-8FEB-85F4FF154AA3}
		{B10B08F3-1793-4611-8BF4-EC53536FE80C} = {E7218AF6-4AB7-42D3-8FEB-85F4FF154AA3}
		{D6E0693F-594D-4338-8CDA-9ED1456B66C8} = {E7218AF6-4AB7-42D3-8FEB-85F4FF154AA3}
		{B5392982-D8A2-4A5B-A5EA-7B8C98531EE4} = {B1F4564F-D068-4601-BC1F-668BB8765BAB}
		{1B7E99F2-87D6-4EE4-B81E-81182915BE6A} = {B1F4564F-D068-4601-BC1F-668BB8765BAB}
		{E32FE6EF-A40A-4167-9204-69E06C7B3595} = {B1F4564F-D068-4601-BC1F-668BB8765BAB}
		{ECBAB9C3-AAC0-4F54-861C-05C779E535D0} = {59109AC5-7651-43C2-AE7C-952BA4D03446}
		{E309E53C-2812-403C-88AC-3335A6172CCE} = {59109AC5-7651-43C2-AE7C-952BA4D03446}
		{02A67AA2-1CF3-436B-8776-A3823C4A965C} = {59109AC5-7651-43C2-AE7C-952BA4D03446}
		{97085E99-BFC8-4872-A6D1-BC8F77948208} = {5D0074C6-70D6-4A86-831E-F67E7D18B80D}
		{B1161BB9-4E41-4AB9-B97D-A45CF8C004EE} = {5D0074C6-70D6-4A86-831E-F67E7D18B80D}
		{E32EF97F-93D9-46F1-8A79-DF619D8A21E7} = {5D0074C6-70D6-4A86-831E-F67E7D18B80D}
		{7775F7B6-BAF0-45C8-841B-131CC56D0E00} = {74C2730A-3C9A-4993-859F-522530622E7E}
		{EA654175-04F1-49F6-B3DD-B6459BD194A8} = {74C2730A-3C9A-4993-859F-522530622E7E}
		{9B1A96AF-91C7-4531-B039-CEE5E39D32A9} = {74C2730A-3C9A-4993-859F-522530622E7E}
	EndGlobalSection
	GlobalSection(ExtensibilityGlobals) = postSolution
		SolutionGuid = {4088D718-1546-4CD3-81CD-4228825A0FB5}
	EndGlobalSection
EndGlobal
