
Microsoft Visual Studio Solution File, Format Version 12.00
# Visual Studio Version 16
VisualStudioVersion = 16.0.33927.289
MinimumVisualStudioVersion = 10.0.40219.1
Project("{2150E333-8FDC-42A3-9474-1A3956D46DE8}") = "Task0", "Task0", "{EFAAA29C-FFA1-4DCE-8FE7-3EEA7243E489}"
EndProject
Project("{FAE04EC0-301F-11D3-BF4B-00C04F79EFBC}") = "Tyuiu.PoleschukKR.Sprint2.Task0.V22", "Tyuiu.PoleschukKR.Sprint2.Task0.V22\Tyuiu.PoleschukKR.Sprint2.Task0.V22.csproj", "{BD4FEE46-4183-4001-B1FB-E723C3CD240A}"
EndProject
Project("{FAE04EC0-301F-11D3-BF4B-00C04F79EFBC}") = "Tyuiu.PoleschukKR.Sprint2.Task0.V22.Lib", "Tyuiu.PoleschukKR.Sprint2.Task0.V22.Lib\Tyuiu.PoleschukKR.Sprint2.Task0.V22.Lib.csproj", "{06CE08DA-82A6-41C7-8C81-F8E1084D7620}"
EndProject
Project("{FAE04EC0-301F-11D3-BF4B-00C04F79EFBC}") = "Tyuiu.PoleschukKR.Sprint2.Task0.V22.Test", "Tyuiu.PoleschukKR.Sprint2.Task0.V22.Test\Tyuiu.PoleschukKR.Sprint2.Task0.V22.Test.csproj", "{79D681D6-2F7D-437C-AE72-FB9A1BA8FBF1}"
EndProject
Project("{2150E333-8FDC-42A3-9474-1A3956D46DE8}") = "Task1", "Task1", "{5C8EDB64-BD38-4236-8DBB-9148B1990D47}"
EndProject
Project("{FAE04EC0-301F-11D3-BF4B-00C04F79EFBC}") = "Tyuiu.PoleschukKR.Sprint2.Task1.V23", "Tyuiu.PoleschukKR.Sprint2.Task1.V23\Tyuiu.PoleschukKR.Sprint2.Task1.V23.csproj", "{84E1D1E9-D0F1-4401-80BA-E81B9A744A64}"
EndProject
Project("{FAE04EC0-301F-11D3-BF4B-00C04F79EFBC}") = "Tyuiu.PoleschukKR.Sprint2.Task1.V23.Lib", "Tyuiu.PoleschukKR.Sprint2.Task1.V23.Lib\Tyuiu.PoleschukKR.Sprint2.Task1.V23.Lib.csproj", "{83EE3F03-721C-488C-BD6A-8366C872DDC2}"
EndProject
Project("{FAE04EC0-301F-11D3-BF4B-00C04F79EFBC}") = "Tyuiu.PoleschukKR.Sprint2.Task1.V23.Test", "Tyuiu.PoleschukKR.Sprint2.Task1.V23.Test\Tyuiu.PoleschukKR.Sprint2.Task1.V23.Test.csproj", "{55CECEC2-F287-4DD5-B356-FD681DEEC3F7}"
EndProject
Project("{2150E333-8FDC-42A3-9474-1A3956D46DE8}") = "Task2", "Task2", "{543B7305-3E23-431A-9A15-904F6940DAF4}"
EndProject
Project("{FAE04EC0-301F-11D3-BF4B-00C04F79EFBC}") = "Tyuiu.PoleschukKR.Sprint2.Task2.V3", "Tyuiu.PoleschukKR.Sprint2.Task2.V3\Tyuiu.PoleschukKR.Sprint2.Task2.V3.csproj", "{749BA854-FAE1-4298-9FE9-40D98714A4DB}"
EndProject
Project("{FAE04EC0-301F-11D3-BF4B-00C04F79EFBC}") = "Tyuiu.PoleschukKR.Sprint2.Task2.V3.Lib", "Tyuiu.PoleschukKR.Sprint2.Task2.V3.Lib\Tyuiu.PoleschukKR.Sprint2.Task2.V3.Lib.csproj", "{056D7BBE-382C-4DA6-9032-B1B21547B8BB}"
EndProject
Project("{FAE04EC0-301F-11D3-BF4B-00C04F79EFBC}") = "Tyuiu.PoleschukKR.Sprint2.Task2.V3.Test", "Tyuiu.PoleschukKR.Sprint2.Task2.V3.Test\Tyuiu.PoleschukKR.Sprint2.Task2.V3.Test.csproj", "{74606D8E-F3AE-4866-8FDE-3CAE6BB92C2F}"
EndProject
Project("{2150E333-8FDC-42A3-9474-1A3956D46DE8}") = "Task3", "Task3", "{E7218AF6-4AB7-42D3-8FEB-85F4FF154AA3}"
EndProject
Project("{FAE04EC0-301F-11D3-BF4B-00C04F79EFBC}") = "Tyuiu.PoleschukKR.Sprint2.Task3.V28", "Tyuiu.PoleschukKR.Sprint2.Task3.V28\Tyuiu.PoleschukKR.Sprint2.Task3.V28.csproj", "{9AFB394A-18A2-4DAA-91B3-C16DC88A33DF}"
EndProject
Project("{FAE04EC0-301F-11D3-BF4B-00C04F79EFBC}") = "Tyuiu.PoleschukKR.Sprint2.Task3.V28.Lib", "Tyuiu.PoleschukKR.Sprint2.Task3.V28.Lib\Tyuiu.PoleschukKR.Sprint2.Task3.V28.Lib.csproj", "{B10B08F3-1793-4611-8BF4-EC53536FE80C}"
EndProject
Project("{FAE04EC0-301F-11D3-BF4B-00C04F79EFBC}") = "Tyuiu.PoleschukKR.Sprint2.Task3.V28.Test", "Tyuiu.PoleschukKR.Sprint2.Task3.V28.Test\Tyuiu.PoleschukKR.Sprint2.Task3.V28.Test.csproj", "{D6E0693F-594D-4338-8CDA-9ED1456B66C8}"
EndProject
Global
	GlobalSection(SolutionConfigurationPlatforms) = preSolution
		Debug|Any CPU = Debug|Any CPU
		Release|Any CPU = Release|Any CPU
	EndGlobalSection
	GlobalSection(ProjectConfigurationPlatforms) = postSolution
		{BD4FEE46-4183-4001-B1FB-E723C3CD240A}.Debug|Any CPU.ActiveCfg = Debug|Any CPU
		{BD4FEE46-4183-4001-B1FB-E723C3CD240A}.Debug|Any CPU.Build.0 = Debug|Any CPU
		{BD4FEE46-4183-4001-B1FB-E723C3CD240A}.Release|Any CPU.ActiveCfg = Release|Any CPU
		{BD4FEE46-4183-4001-B1FB-E723C3CD240A}.Release|Any CPU.Build.0 = Release|Any CPU
		{06CE08DA-82A6-41C7-8C81-F8E1084D7620}.Debug|Any CPU.ActiveCfg = Debug|Any CPU
		{06CE08DA-82A6-41C7-8C81-F8E1084D7620}.Debug|Any CPU.Build.0 = Debug|Any CPU
		{06CE08DA-82A6-41C7-8C81-F8E1084D7620}.Release|Any CPU.ActiveCfg = Release|Any CPU
		{06CE08DA-82A6-41C7-8C81-F8E1084D7620}.Release|Any CPU.Build.0 = Release|Any CPU
		{79D681D6-2F7D-437C-AE72-FB9A1BA8FBF1}.Debug|Any CPU.ActiveCfg = Debug|Any CPU
		{79D681D6-2F7D-437C-AE72-FB9A1BA8FBF1}.Debug|Any CPU.Build.0 = Debug|Any CPU
		{79D681D6-2F7D-437C-AE72-FB9A1BA8FBF1}.Release|Any CPU.ActiveCfg = Release|Any CPU
		{79D681D6-2F7D-437C-AE72-FB9A1BA8FBF1}.Release|Any CPU.Build.0 = Release|Any CPU
		{84E1D1E9-D0F1-4401-80BA-E81B9A744A64}.Debug|Any CPU.ActiveCfg = Debug|Any CPU
		{84E1D1E9-D0F1-4401-80BA-E81B9A744A64}.Debug|Any CPU.Build.0 = Debug|Any CPU
		{84E1D1E9-D0F1-4401-80BA-E81B9A744A64}.Release|Any CPU.ActiveCfg = Release|Any CPU
		{84E1D1E9-D0F1-4401-80BA-E81B9A744A64}.Release|Any CPU.Build.0 = Release|Any CPU
		{83EE3F03-721C-488C-BD6A-8366C872DDC2}.Debug|Any CPU.ActiveCfg = Debug|Any CPU
		{83EE3F03-721C-488C-BD6A-8366C872DDC2}.Debug|Any CPU.Build.0 = Debug|Any CPU
		{83EE3F03-721C-488C-BD6A-8366C872DDC2}.Release|Any CPU.ActiveCfg = Release|Any CPU
		{83EE3F03-721C-488C-BD6A-8366C872DDC2}.Release|Any CPU.Build.0 = Release|Any CPU
		{55CECEC2-F287-4DD5-B356-FD681DEEC3F7}.Debug|Any CPU.ActiveCfg = Debug|Any CPU
		{55CECEC2-F287-4DD5-B356-FD681DEEC3F7}.Debug|Any CPU.Build.0 = Debug|Any CPU
		{55CECEC2-F287-4DD5-B356-FD681DEEC3F7}.Release|Any CPU.ActiveCfg = Release|Any CPU
		{55CECEC2-F287-4DD5-B356-FD681DEEC3F7}.Release|Any CPU.Build.0 = Release|Any CPU
		{749BA854-FAE1-4298-9FE9-40D98714A4DB}.Debug|Any CPU.ActiveCfg = Debug|Any CPU
		{749BA854-FAE1-4298-9FE9-40D98714A4DB}.Debug|Any CPU.Build.0 = Debug|Any CPU
		{749BA854-FAE1-4298-9FE9-40D98714A4DB}.Release|Any CPU.ActiveCfg = Release|Any CPU
		{749BA854-FAE1-4298-9FE9-40D98714A4DB}.Release|Any CPU.Build.0 = Release|Any CPU
		{056D7BBE-382C-4DA6-9032-B1B21547B8BB}.Debug|Any CPU.ActiveCfg = Debug|Any CPU
		{056D7BBE-382C-4DA6-9032-B1B21547B8BB}.Debug|Any CPU.Build.0 = Debug|Any CPU
		{056D7BBE-382C-4DA6-9032-B1B21547B8BB}.Release|Any CPU.ActiveCfg = Release|Any CPU
		{056D7BBE-382C-4DA6-9032-B1B21547B8BB}.Release|Any CPU.Build.0 = Release|Any CPU
		{74606D8E-F3AE-4866-8FDE-3CAE6BB92C2F}.Debug|Any CPU.ActiveCfg = Debug|Any CPU
		{74606D8E-F3AE-4866-8FDE-3CAE6BB92C2F}.Debug|Any CPU.Build.0 = Debug|Any CPU
		{74606D8E-F3AE-4866-8FDE-3CAE6BB92C2F}.Release|Any CPU.ActiveCfg = Release|Any CPU
		{74606D8E-F3AE-4866-8FDE-3CAE6BB92C2F}.Release|Any CPU.Build.0 = Release|Any CPU
		{9AFB394A-18A2-4DAA-91B3-C16DC88A33DF}.Debug|Any CPU.ActiveCfg = Debug|Any CPU
		{9AFB394A-18A2-4DAA-91B3-C16DC88A33DF}.Debug|Any CPU.Build.0 = Debug|Any CPU
		{9AFB394A-18A2-4DAA-91B3-C16DC88A33DF}.Release|Any CPU.ActiveCfg = Release|Any CPU
		{9AFB394A-18A2-4DAA-91B3-C16DC88A33DF}.Release|Any CPU.Build.0 = Release|Any CPU
		{B10B08F3-1793-4611-8BF4-EC53536FE80C}.Debug|Any CPU.ActiveCfg = Debug|Any CPU
		{B10B08F3-1793-4611-8BF4-EC53536FE80C}.Debug|Any CPU.Build.0 = Debug|Any CPU
		{B10B08F3-1793-4611-8BF4-EC53536FE80C}.Release|Any CPU.ActiveCfg = Release|Any CPU
		{B10B08F3-1793-4611-8BF4-EC53536FE80C}.Release|Any CPU.Build.0 = Release|Any CPU
		{D6E0693F-594D-4338-8CDA-9ED1456B66C8}.Debug|Any CPU.ActiveCfg = Debug|Any CPU
		{D6E0693F-594D-4338-8CDA-9ED1456B66C8}.Debug|Any CPU.Build.0 = Debug|Any CPU
		{D6E0693F-594D-4338-8CDA-9ED1456B66C8}.Release|Any CPU.ActiveCfg = Release|Any CPU
		{D6E0693F-594D-4338-8CDA-9ED1456B66C8}.Release|Any CPU.Build.0 = Release|Any CPU
	EndGlobalSection
	GlobalSection(SolutionProperties) = preSolution
		HideSolutionNode = FALSE
	EndGlobalSection
	GlobalSection(NestedProjects) = preSolution
		{BD4FEE46-4183-4001-B1FB-E723C3CD240A} = {EFAAA29C-FFA1-4DCE-8FE7-3EEA7243E489}
		{06CE08DA-82A6-41C7-8C81-F8E1084D7620} = {EFAAA29C-FFA1-4DCE-8FE7-3EEA7243E489}
		{79D681D6-2F7D-437C-AE72-FB9A1BA8FBF1} = {EFAAA29C-FFA1-4DCE-8FE7-3EEA7243E489}
		{84E1D1E9-D0F1-4401-80BA-E81B9A744A64} = {5C8EDB64-BD38-4236-8DBB-9148B1990D47}
		{83EE3F03-721C-488C-BD6A-8366C872DDC2} = {5C8EDB64-BD38-4236-8DBB-9148B1990D47}
		{55CECEC2-F287-4DD5-B356-FD681DEEC3F7} = {5C8EDB64-BD38-4236-8DBB-9148B1990D47}
		{749BA854-FAE1-4298-9FE9-40D98714A4DB} = {543B7305-3E23-431A-9A15-904F6940DAF4}
		{056D7BBE-382C-4DA6-9032-B1B21547B8BB} = {543B7305-3E23-431A-9A15-904F6940DAF4}
		{74606D8E-F3AE-4866-8FDE-3CAE6BB92C2F} = {543B7305-3E23-431A-9A15-904F6940DAF4}
		{9AFB394A-18A2-4DAA-91B3-C16DC88A33DF} = {E7218AF6-4AB7-42D3-8FEB-85F4FF154AA3}
		{B10B08F3-1793-4611-8BF4-EC53536FE80C} = {E7218AF6-4AB7-42D3-8FEB-85F4FF154AA3}
		{D6E0693F-594D-4338-8CDA-9ED1456B66C8} = {E7218AF6-4AB7-42D3-8FEB-85F4FF154AA3}
	EndGlobalSection
	GlobalSection(ExtensibilityGlobals) = postSolution
		SolutionGuid = {4088D718-1546-4CD3-81CD-4228825A0FB5}
	EndGlobalSection
EndGlobal
